
Microsoft Visual Studio Solution File, Format Version 12.00
# Visual Studio Version 16
VisualStudioVersion = 16.0.29911.84
MinimumVisualStudioVersion = 10.0.40219.1
Project("{9A19103F-16F7-4668-BE54-9A1E7A4F7556}") = "ImageButtonTest", "TizenWearableXamlApp1\ImageButtonTest.csproj", "{878E32F4-548F-40A4-914E-CEB92B240E5F}"
EndProject
Global
	GlobalSection(SolutionConfigurationPlatforms) = preSolution
		Debug|Any CPU = Debug|Any CPU
		Release|Any CPU = Release|Any CPU
	EndGlobalSection
	GlobalSection(ProjectConfigurationPlatforms) = postSolution
		{878E32F4-548F-40A4-914E-CEB92B240E5F}.Debug|Any CPU.ActiveCfg = Debug|Any CPU
		{878E32F4-548F-40A4-914E-CEB92B240E5F}.Debug|Any CPU.Build.0 = Debug|Any CPU
		{878E32F4-548F-40A4-914E-CEB92B240E5F}.Release|Any CPU.ActiveCfg = Release|Any CPU
		{878E32F4-548F-40A4-914E-CEB92B240E5F}.Release|Any CPU.Build.0 = Release|Any CPU
	EndGlobalSection
	GlobalSection(SolutionProperties) = preSolution
		HideSolutionNode = FALSE
	EndGlobalSection
	GlobalSection(ExtensibilityGlobals) = postSolution
		SolutionGuid = {EA9681D1-6192-42F4-AE8D-6C174FFAD8C7}
	EndGlobalSection
EndGlobal
